
Microsoft Visual Studio Solution File, Format Version 12.00
# Visual Studio Version 17
VisualStudioVersion = 17.6.33815.320
MinimumVisualStudioVersion = 10.0.40219.1
Project("{FAE04EC0-301F-11D3-BF4B-00C04F79EFBC}") = "MediaPlayer_INF0996", "MediaPlayer_INF0996\MediaPlayer_INF0996.csproj", "{18559A9B-9C70-434C-A33F-135FDF3DCAF0}"
EndProject
Global
	GlobalSection(SolutionConfigurationPlatforms) = preSolution
		Debug|Any CPU = Debug|Any CPU
		Release|Any CPU = Release|Any CPU
	EndGlobalSection
	GlobalSection(ProjectConfigurationPlatforms) = postSolution
		{18559A9B-9C70-434C-A33F-135FDF3DCAF0}.Debug|Any CPU.ActiveCfg = Debug|Any CPU
		{18559A9B-9C70-434C-A33F-135FDF3DCAF0}.Debug|Any CPU.Build.0 = Debug|Any CPU
		{18559A9B-9C70-434C-A33F-135FDF3DCAF0}.Release|Any CPU.ActiveCfg = Release|Any CPU
		{18559A9B-9C70-434C-A33F-135FDF3DCAF0}.Release|Any CPU.Build.0 = Release|Any CPU
	EndGlobalSection
	GlobalSection(SolutionProperties) = preSolution
		HideSolutionNode = FALSE
	EndGlobalSection
	GlobalSection(ExtensibilityGlobals) = postSolution
		SolutionGuid = {9A7C9B50-70D1-4460-A01B-48660EC57086}
	EndGlobalSection
EndGlobal
